
Microsoft Visual Studio Solution File, Format Version 12.00
# Visual Studio Version 17
VisualStudioVersion = 17.1.32328.378
MinimumVisualStudioVersion = 10.0.40219.1
Project("{FAE04EC0-301F-11D3-BF4B-00C04F79EFBC}") = "ExeDataGridandNavBinding", "ExeDataGridandNavBinding\ExeDataGridandNavBinding.csproj", "{E5E960F9-4BB6-4F37-8917-10A70CEFF058}"
EndProject
Global
	GlobalSection(SolutionConfigurationPlatforms) = preSolution
		Debug|Any CPU = Debug|Any CPU
		Release|Any CPU = Release|Any CPU
	EndGlobalSection
	GlobalSection(ProjectConfigurationPlatforms) = postSolution
		{E5E960F9-4BB6-4F37-8917-10A70CEFF058}.Debug|Any CPU.ActiveCfg = Debug|Any CPU
		{E5E960F9-4BB6-4F37-8917-10A70CEFF058}.Debug|Any CPU.Build.0 = Debug|Any CPU
		{E5E960F9-4BB6-4F37-8917-10A70CEFF058}.Release|Any CPU.ActiveCfg = Release|Any CPU
		{E5E960F9-4BB6-4F37-8917-10A70CEFF058}.Release|Any CPU.Build.0 = Release|Any CPU
	EndGlobalSection
	GlobalSection(SolutionProperties) = preSolution
		HideSolutionNode = FALSE
	EndGlobalSection
	GlobalSection(ExtensibilityGlobals) = postSolution
		SolutionGuid = {2CCDD7E6-FBB7-4407-8FFE-1E249A09F2EA}
	EndGlobalSection
EndGlobal
